
Microsoft Visual Studio Solution File, Format Version 12.00
# Visual Studio Version 17
VisualStudioVersion = 17.3.32929.385
MinimumVisualStudioVersion = 10.0.40219.1
Project("{FAE04EC0-301F-11D3-BF4B-00C04F79EFBC}") = "Lamorenita", "Lamorenita.csproj", "{639240FF-D083-48CE-B460-E85CC358ADAC}"
EndProject
Global
	GlobalSection(SolutionConfigurationPlatforms) = preSolution
		Debug|Any CPU = Debug|Any CPU
		Release|Any CPU = Release|Any CPU
	EndGlobalSection
	GlobalSection(ProjectConfigurationPlatforms) = postSolution
		{639240FF-D083-48CE-B460-E85CC358ADAC}.Debug|Any CPU.ActiveCfg = Debug|Any CPU
		{639240FF-D083-48CE-B460-E85CC358ADAC}.Debug|Any CPU.Build.0 = Debug|Any CPU
		{639240FF-D083-48CE-B460-E85CC358ADAC}.Release|Any CPU.ActiveCfg = Release|Any CPU
		{639240FF-D083-48CE-B460-E85CC358ADAC}.Release|Any CPU.Build.0 = Release|Any CPU
	EndGlobalSection
	GlobalSection(SolutionProperties) = preSolution
		HideSolutionNode = FALSE
	EndGlobalSection
	GlobalSection(ExtensibilityGlobals) = postSolution
		SolutionGuid = {251AF61B-6A33-4C7A-B7A9-B5D344A19865}
	EndGlobalSection
EndGlobal
