
Microsoft Visual Studio Solution File, Format Version 12.00
# Visual Studio Version 17
VisualStudioVersion = 17.3.32929.385
MinimumVisualStudioVersion = 10.0.40219.1
Project("{9A19103F-16F7-4668-BE54-9A1E7A4F7556}") = "Lamorenita", "Lamorenita.csproj", "{639240FF-D083-48CE-B460-E85CC358ADAC}"
EndProject
Project("{2150E333-8FDC-42A3-9474-1A3956D46DE8}") = "src", "src", "{3A332F41-BF74-4A03-A83B-27F675668071}"
EndProject
Project("{2150E333-8FDC-42A3-9474-1A3956D46DE8}") = "testing", "testing", "{F4BA819F-23C9-4ABD-AFA7-A7F5A478F587}"
EndProject
Project("{FAE04EC0-301F-11D3-BF4B-00C04F79EFBC}") = "Lamorenita.Tests", "..\testing\Lamorenita.Tests\Lamorenita.Tests.csproj", "{43726FF1-5110-4FFE-9BCE-8AF4256B8050}"
EndProject
Global
	GlobalSection(SolutionConfigurationPlatforms) = preSolution
		Debug|Any CPU = Debug|Any CPU
		Release|Any CPU = Release|Any CPU
	EndGlobalSection
	GlobalSection(ProjectConfigurationPlatforms) = postSolution
		{639240FF-D083-48CE-B460-E85CC358ADAC}.Debug|Any CPU.ActiveCfg = Debug|Any CPU
		{639240FF-D083-48CE-B460-E85CC358ADAC}.Debug|Any CPU.Build.0 = Debug|Any CPU
		{639240FF-D083-48CE-B460-E85CC358ADAC}.Release|Any CPU.ActiveCfg = Release|Any CPU
		{639240FF-D083-48CE-B460-E85CC358ADAC}.Release|Any CPU.Build.0 = Release|Any CPU
		{43726FF1-5110-4FFE-9BCE-8AF4256B8050}.Debug|Any CPU.ActiveCfg = Debug|Any CPU
		{43726FF1-5110-4FFE-9BCE-8AF4256B8050}.Debug|Any CPU.Build.0 = Debug|Any CPU
		{43726FF1-5110-4FFE-9BCE-8AF4256B8050}.Release|Any CPU.ActiveCfg = Release|Any CPU
		{43726FF1-5110-4FFE-9BCE-8AF4256B8050}.Release|Any CPU.Build.0 = Release|Any CPU
	EndGlobalSection
	GlobalSection(SolutionProperties) = preSolution
		HideSolutionNode = FALSE
	EndGlobalSection
	GlobalSection(NestedProjects) = preSolution
		{639240FF-D083-48CE-B460-E85CC358ADAC} = {3A332F41-BF74-4A03-A83B-27F675668071}
		{43726FF1-5110-4FFE-9BCE-8AF4256B8050} = {F4BA819F-23C9-4ABD-AFA7-A7F5A478F587}
	EndGlobalSection
	GlobalSection(ExtensibilityGlobals) = postSolution
		SolutionGuid = {251AF61B-6A33-4C7A-B7A9-B5D344A19865}
	EndGlobalSection
EndGlobal
